
Microsoft Visual Studio Solution File, Format Version 12.00
# Visual Studio Version 17
VisualStudioVersion = 17.0.31903.59
MinimumVisualStudioVersion = 10.0.40219.1
Project("{FAE04EC0-301F-11D3-BF4B-00C04F79EFBC}") = "GameServer", "GameServer\GameServer.csproj", "{FAA99F03-560A-45C6-A071-50ABFB58C8E7}"
EndProject
Project("{FAE04EC0-301F-11D3-BF4B-00C04F79EFBC}") = "GameClient", "GameClient\GameClient.csproj", "{C180518B-A4B4-4914-957C-B38098E64DDE}"
EndProject
Project("{FAE04EC0-301F-11D3-BF4B-00C04F79EFBC}") = "Shared", "Shared\Shared.csproj", "{095A63FA-898D-4C9C-8B53-887E6B7C8935}"
EndProject
Global
	GlobalSection(SolutionConfigurationPlatforms) = preSolution
		Debug|Any CPU = Debug|Any CPU
		Debug|x64 = Debug|x64
		Debug|x86 = Debug|x86
		Release|Any CPU = Release|Any CPU
		Release|x64 = Release|x64
		Release|x86 = Release|x86
	EndGlobalSection
	GlobalSection(ProjectConfigurationPlatforms) = postSolution
		{FAA99F03-560A-45C6-A071-50ABFB58C8E7}.Debug|Any CPU.ActiveCfg = Debug|Any CPU
		{FAA99F03-560A-45C6-A071-50ABFB58C8E7}.Debug|Any CPU.Build.0 = Debug|Any CPU
		{FAA99F03-560A-45C6-A071-50ABFB58C8E7}.Debug|x64.ActiveCfg = Debug|Any CPU
		{FAA99F03-560A-45C6-A071-50ABFB58C8E7}.Debug|x64.Build.0 = Debug|Any CPU
		{FAA99F03-560A-45C6-A071-50ABFB58C8E7}.Debug|x86.ActiveCfg = Debug|Any CPU
		{FAA99F03-560A-45C6-A071-50ABFB58C8E7}.Debug|x86.Build.0 = Debug|Any CPU
		{FAA99F03-560A-45C6-A071-50ABFB58C8E7}.Release|Any CPU.ActiveCfg = Release|Any CPU
		{FAA99F03-560A-45C6-A071-50ABFB58C8E7}.Release|Any CPU.Build.0 = Release|Any CPU
		{FAA99F03-560A-45C6-A071-50ABFB58C8E7}.Release|x64.ActiveCfg = Release|Any CPU
		{FAA99F03-560A-45C6-A071-50ABFB58C8E7}.Release|x64.Build.0 = Release|Any CPU
		{FAA99F03-560A-45C6-A071-50ABFB58C8E7}.Release|x86.ActiveCfg = Release|Any CPU
		{FAA99F03-560A-45C6-A071-50ABFB58C8E7}.Release|x86.Build.0 = Release|Any CPU
		{C180518B-A4B4-4914-957C-B38098E64DDE}.Debug|Any CPU.ActiveCfg = Debug|Any CPU
		{C180518B-A4B4-4914-957C-B38098E64DDE}.Debug|Any CPU.Build.0 = Debug|Any CPU
		{C180518B-A4B4-4914-957C-B38098E64DDE}.Debug|x64.ActiveCfg = Debug|Any CPU
		{C180518B-A4B4-4914-957C-B38098E64DDE}.Debug|x64.Build.0 = Debug|Any CPU
		{C180518B-A4B4-4914-957C-B38098E64DDE}.Debug|x86.ActiveCfg = Debug|Any CPU
		{C180518B-A4B4-4914-957C-B38098E64DDE}.Debug|x86.Build.0 = Debug|Any CPU
		{C180518B-A4B4-4914-957C-B38098E64DDE}.Release|Any CPU.ActiveCfg = Release|Any CPU
		{C180518B-A4B4-4914-957C-B38098E64DDE}.Release|Any CPU.Build.0 = Release|Any CPU
		{C180518B-A4B4-4914-957C-B38098E64DDE}.Release|x64.ActiveCfg = Release|Any CPU
		{C180518B-A4B4-4914-957C-B38098E64DDE}.Release|x64.Build.0 = Release|Any CPU
		{C180518B-A4B4-4914-957C-B38098E64DDE}.Release|x86.ActiveCfg = Release|Any CPU
		{C180518B-A4B4-4914-957C-B38098E64DDE}.Release|x86.Build.0 = Release|Any CPU
		{095A63FA-898D-4C9C-8B53-887E6B7C8935}.Debug|Any CPU.ActiveCfg = Debug|Any CPU
		{095A63FA-898D-4C9C-8B53-887E6B7C8935}.Debug|Any CPU.Build.0 = Debug|Any CPU
		{095A63FA-898D-4C9C-8B53-887E6B7C8935}.Debug|x64.ActiveCfg = Debug|Any CPU
		{095A63FA-898D-4C9C-8B53-887E6B7C8935}.Debug|x64.Build.0 = Debug|Any CPU
		{095A63FA-898D-4C9C-8B53-887E6B7C8935}.Debug|x86.ActiveCfg = Debug|Any CPU
		{095A63FA-898D-4C9C-8B53-887E6B7C8935}.Debug|x86.Build.0 = Debug|Any CPU
		{095A63FA-898D-4C9C-8B53-887E6B7C8935}.Release|Any CPU.ActiveCfg = Release|Any CPU
		{095A63FA-898D-4C9C-8B53-887E6B7C8935}.Release|Any CPU.Build.0 = Release|Any CPU
		{095A63FA-898D-4C9C-8B53-887E6B7C8935}.Release|x64.ActiveCfg = Release|Any CPU
		{095A63FA-898D-4C9C-8B53-887E6B7C8935}.Release|x64.Build.0 = Release|Any CPU
		{095A63FA-898D-4C9C-8B53-887E6B7C8935}.Release|x86.ActiveCfg = Release|Any CPU
		{095A63FA-898D-4C9C-8B53-887E6B7C8935}.Release|x86.Build.0 = Release|Any CPU
	EndGlobalSection
	GlobalSection(SolutionProperties) = preSolution
		HideSolutionNode = FALSE
	EndGlobalSection
	GlobalSection(ExtensibilityGlobals) = postSolution
		SolutionGuid = {1C5CFF79-0BBB-46EB-8C73-C62B540B7AAF}
	EndGlobalSection
EndGlobal
